
Microsoft Visual Studio Solution File, Format Version 12.00
# Visual Studio Version 16
VisualStudioVersion = 16.0.31321.278
MinimumVisualStudioVersion = 10.0.40219.1
Project("{9A19103F-16F7-4668-BE54-9A1E7A4F7556}") = "WebApp", "WebApp\WebApp.csproj", "{CC0D95B6-71DF-43B6-95A7-94195BB66926}"
EndProject
Project("{9A19103F-16F7-4668-BE54-9A1E7A4F7556}") = "BD", "BD\BD.csproj", "{8D286EC8-4B34-443D-A7EE-6A83F46B0823}"
EndProject
Project("{9A19103F-16F7-4668-BE54-9A1E7A4F7556}") = "Entity", "Entity\Entity.csproj", "{263F3B08-49BF-424A-85E7-55D6438E9F5B}"
EndProject
Project("{9A19103F-16F7-4668-BE54-9A1E7A4F7556}") = "WBL", "WBL\WBL.csproj", "{C4A76DAA-4D71-4C67-ACAE-317F23D1F2C9}"
EndProject
Project("{00D1A9C2-B5F0-4AF3-8072-F6C62B433612}") = "BaseDeDatos", "BaseDeDatos\BaseDeDatos.sqlproj", "{13FC431B-FBB9-466E-9FB8-9C7750A1AEC8}"
EndProject
Global
	GlobalSection(SolutionConfigurationPlatforms) = preSolution
		Debug|Any CPU = Debug|Any CPU
		Release|Any CPU = Release|Any CPU
	EndGlobalSection
	GlobalSection(ProjectConfigurationPlatforms) = postSolution
		{CC0D95B6-71DF-43B6-95A7-94195BB66926}.Debug|Any CPU.ActiveCfg = Debug|Any CPU
		{CC0D95B6-71DF-43B6-95A7-94195BB66926}.Debug|Any CPU.Build.0 = Debug|Any CPU
		{CC0D95B6-71DF-43B6-95A7-94195BB66926}.Release|Any CPU.ActiveCfg = Release|Any CPU
		{CC0D95B6-71DF-43B6-95A7-94195BB66926}.Release|Any CPU.Build.0 = Release|Any CPU
		{8D286EC8-4B34-443D-A7EE-6A83F46B0823}.Debug|Any CPU.ActiveCfg = Debug|Any CPU
		{8D286EC8-4B34-443D-A7EE-6A83F46B0823}.Debug|Any CPU.Build.0 = Debug|Any CPU
		{8D286EC8-4B34-443D-A7EE-6A83F46B0823}.Release|Any CPU.ActiveCfg = Release|Any CPU
		{8D286EC8-4B34-443D-A7EE-6A83F46B0823}.Release|Any CPU.Build.0 = Release|Any CPU
		{263F3B08-49BF-424A-85E7-55D6438E9F5B}.Debug|Any CPU.ActiveCfg = Debug|Any CPU
		{263F3B08-49BF-424A-85E7-55D6438E9F5B}.Debug|Any CPU.Build.0 = Debug|Any CPU
		{263F3B08-49BF-424A-85E7-55D6438E9F5B}.Release|Any CPU.ActiveCfg = Release|Any CPU
		{263F3B08-49BF-424A-85E7-55D6438E9F5B}.Release|Any CPU.Build.0 = Release|Any CPU
		{C4A76DAA-4D71-4C67-ACAE-317F23D1F2C9}.Debug|Any CPU.ActiveCfg = Debug|Any CPU
		{C4A76DAA-4D71-4C67-ACAE-317F23D1F2C9}.Debug|Any CPU.Build.0 = Debug|Any CPU
		{C4A76DAA-4D71-4C67-ACAE-317F23D1F2C9}.Release|Any CPU.ActiveCfg = Release|Any CPU
		{C4A76DAA-4D71-4C67-ACAE-317F23D1F2C9}.Release|Any CPU.Build.0 = Release|Any CPU
		{13FC431B-FBB9-466E-9FB8-9C7750A1AEC8}.Debug|Any CPU.ActiveCfg = Debug|Any CPU
		{13FC431B-FBB9-466E-9FB8-9C7750A1AEC8}.Debug|Any CPU.Build.0 = Debug|Any CPU
		{13FC431B-FBB9-466E-9FB8-9C7750A1AEC8}.Debug|Any CPU.Deploy.0 = Debug|Any CPU
		{13FC431B-FBB9-466E-9FB8-9C7750A1AEC8}.Release|Any CPU.ActiveCfg = Release|Any CPU
		{13FC431B-FBB9-466E-9FB8-9C7750A1AEC8}.Release|Any CPU.Build.0 = Release|Any CPU
		{13FC431B-FBB9-466E-9FB8-9C7750A1AEC8}.Release|Any CPU.Deploy.0 = Release|Any CPU
	EndGlobalSection
	GlobalSection(SolutionProperties) = preSolution
		HideSolutionNode = FALSE
	EndGlobalSection
	GlobalSection(ExtensibilityGlobals) = postSolution
		SolutionGuid = {97679279-F874-4B8B-9329-245C8735101A}
	EndGlobalSection
EndGlobal
